{
    "version": 3,
    "terraform_version": "0.11.3",
    "serial": 4,
    "lineage": "8aa22a7c-e012-4d0c-ba6e-b53467f4c527",
    "modules": [
        {
            "path": [
                "root"
            ],
            "outputs": {},
            "resources": {
                "aws_instance.web": {
                    "type": "aws_instance",
                    "depends_on": [
                        "aws_key_pair.test1_key"
                    ],
                    "primary": {
                        "id": "i-00f19c5655637605e",
                        "attributes": {
                            "ami": "ami-0080e4c5bc078760e",
                            "arn": "arn:aws:ec2:us-east-1:046320057651:instance/i-00f19c5655637605e",
                            "associate_public_ip_address": "true",
                            "availability_zone": "us-east-1d",
                            "cpu_core_count": "1",
                            "cpu_threads_per_core": "1",
                            "credit_specification.#": "1",
                            "credit_specification.0.cpu_credits": "standard",
                            "disable_api_termination": "false",
                            "ebs_block_device.#": "0",
                            "ebs_optimized": "false",
                            "ephemeral_block_device.#": "0",
                            "get_password_data": "false",
                            "iam_instance_profile": "",
                            "id": "i-00f19c5655637605e",
                            "instance_state": "running",
                            "instance_type": "t2.micro",
                            "ipv6_addresses.#": "0",
                            "key_name": "test1_key",
                            "monitoring": "false",
                            "network_interface.#": "0",
                            "network_interface_id": "eni-047b13a7caad39c05",
                            "password_data": "",
                            "placement_group": "",
                            "primary_network_interface_id": "eni-047b13a7caad39c05",
                            "private_dns": "ip-172-31-35-223.ec2.internal",
                            "private_ip": "172.31.35.223",
                            "public_dns": "ec2-54-89-62-181.compute-1.amazonaws.com",
                            "public_ip": "54.89.62.181",
                            "root_block_device.#": "1",
                            "root_block_device.0.delete_on_termination": "true",
                            "root_block_device.0.iops": "100",
                            "root_block_device.0.volume_id": "vol-043c7b9a60184274d",
                            "root_block_device.0.volume_size": "8",
                            "root_block_device.0.volume_type": "gp2",
                            "security_groups.#": "1",
                            "security_groups.3814588639": "default",
                            "source_dest_check": "true",
                            "subnet_id": "subnet-81c35fdd",
                            "tags.%": "1",
                            "tags.Name": "test instance",
                            "tenancy": "default",
                            "volume_tags.%": "0",
                            "vpc_security_group_ids.#": "1",
                            "vpc_security_group_ids.2167060991": "sg-8a26a3ca"
                        },
                        "meta": {
                            "e2bfb730-ecaa-11e6-8f88-34363bc7c4c0": {
                                "create": 600000000000,
                                "delete": 1200000000000,
                                "update": 600000000000
                            },
                            "schema_version": "1"
                        },
                        "tainted": false
                    },
                    "deposed": [],
                    "provider": "provider.aws"
                },
                "aws_key_pair.test1_key": {
                    "type": "aws_key_pair",
                    "depends_on": [],
                    "primary": {
                        "id": "test1_key",
                        "attributes": {
                            "fingerprint": "85:51:70:6f:02:0c:e4:76:31:40:d0:a6:b5:ba:7e:0e",
                            "id": "test1_key",
                            "key_name": "test1_key",
                            "public_key": "ssh-rsa AAAAB3NzaC1yc2EAAAADAQABAAABAQDamaW6X3IWAIpg57VLWO/GAIdyn03SFOrsoS9p+AgI/5vGsXaYFhZGCcQqv1lMn23E1OJBFgRHlLVP569gDfshma908XFb8N+1VPzVo7e2mqE35gy/yLK+6LpWWgPxuJbdE0TxtnMvWwhXV02ei+pgDyys58tZcnV/nzhVXxWCMsODI2nAj5Hqwf7jFRaqLOVWd6q51whmCkwUjtFsm1Nfd/azS90aJXKPPdfTZq2+AsokN8TCoomybXNy7cmtKaIOARY3KE8ePX5mc2OZSkszsAzRAh+Dm3DWMfodvVyK+Ryb7DPe3BGZ6HdT41pmx4dGrf3ACHujHFqHL8gmx1E/ root@ubuntu"
                        },
                        "meta": {
                            "schema_version": "1"
                        },
                        "tainted": false
                    },
                    "deposed": [],
                    "provider": "provider.aws"
                }
            },
            "depends_on": []
        }
    ]
}
